
Microsoft Visual Studio Solution File, Format Version 12.00
# Visual Studio Version 16
VisualStudioVersion = 16.0.30611.23
MinimumVisualStudioVersion = 10.0.40219.1
Project("{FAE04EC0-301F-11D3-BF4B-00C04F79EFBC}") = "Inventory", "Inventory.csproj", "{1651B560-7A01-459D-9495-BE33C7FE6DCA}"
EndProject
Global
	GlobalSection(SolutionConfigurationPlatforms) = preSolution
		Debug|Any CPU = Debug|Any CPU
		Release|Any CPU = Release|Any CPU
	EndGlobalSection
	GlobalSection(ProjectConfigurationPlatforms) = postSolution
		{1651B560-7A01-459D-9495-BE33C7FE6DCA}.Debug|Any CPU.ActiveCfg = Debug|Any CPU
		{1651B560-7A01-459D-9495-BE33C7FE6DCA}.Debug|Any CPU.Build.0 = Debug|Any CPU
		{1651B560-7A01-459D-9495-BE33C7FE6DCA}.Release|Any CPU.ActiveCfg = Release|Any CPU
		{1651B560-7A01-459D-9495-BE33C7FE6DCA}.Release|Any CPU.Build.0 = Release|Any CPU
	EndGlobalSection
	GlobalSection(SolutionProperties) = preSolution
		HideSolutionNode = FALSE
	EndGlobalSection
	GlobalSection(ExtensibilityGlobals) = postSolution
		SolutionGuid = {F6609183-DE89-44E2-A790-D03FB3B13BE4}
	EndGlobalSection
EndGlobal
